// !$*UTF8*$!
{
	archiveVersion = 1;
	classes = {
	};
	objectVersion = 46;
	objects = {

/* Begin PBXBuildFile section */
		299A23D31BD95BA8002404AA /* main.m in Sources */ = {isa = PBXBuildFile; fileRef = 299A23D21BD95BA8002404AA /* main.m */; };
		299A23DB1BD95C00002404AA /* Patient.m in Sources */ = {isa = PBXBuildFile; fileRef = 299A23DA1BD95C00002404AA /* Patient.m */; settings = {ASSET_TAGS = (); }; };
		299A23DE1BD95C08002404AA /* Doctor.m in Sources */ = {isa = PBXBuildFile; fileRef = 299A23DD1BD95C08002404AA /* Doctor.m */; settings = {ASSET_TAGS = (); }; };
		299A23E11BD95F47002404AA /* InputCollector.m in Sources */ = {isa = PBXBuildFile; fileRef = 299A23E01BD95F47002404AA /* InputCollector.m */; settings = {ASSET_TAGS = (); }; };
/* End PBXBuildFile section */

/* Begin PBXCopyFilesBuildPhase section */
		299A23CD1BD95BA8002404AA /* CopyFiles */ = {
			isa = PBXCopyFilesBuildPhase;
			buildActionMask = 2147483647;
			dstPath = /usr/share/man/man1/;
			dstSubfolderSpec = 0;
			files = (
			);
			runOnlyForDeploymentPostprocessing = 1;
		};
/* End PBXCopyFilesBuildPhase section */

/* Begin PBXFileReference section */
		299A23CF1BD95BA8002404AA /* PatientDoctor */ = {isa = PBXFileReference; explicitFileType = "compiled.mach-o.executable"; includeInIndex = 0; path = PatientDoctor; sourceTree = BUILT_PRODUCTS_DIR; };
		299A23D21BD95BA8002404AA /* main.m */ = {isa = PBXFileReference; lastKnownFileType = sourcecode.c.objc; path = main.m; sourceTree = "<group>"; };
		299A23D91BD95C00002404AA /* Patient.h */ = {isa = PBXFileReference; fileEncoding = 4; lastKnownFileType = sourcecode.c.h; path = Patient.h; sourceTree = "<group>"; };
		299A23DA1BD95C00002404AA /* Patient.m */ = {isa = PBXFileReference; fileEncoding = 4; lastKnownFileType = sourcecode.c.objc; path = Patient.m; sourceTree = "<group>"; };
		299A23DC1BD95C08002404AA /* Doctor.h */ = {isa = PBXFileReference; fileEncoding = 4; lastKnownFileType = sourcecode.c.h; path = Doctor.h; sourceTree = "<group>"; };
		299A23DD1BD95C08002404AA /* Doctor.m */ = {isa = PBXFileReference; fileEncoding = 4; lastKnownFileType = sourcecode.c.objc; path = Doctor.m; sourceTree = "<group>"; };
		299A23DF1BD95F47002404AA /* InputCollector.h */ = {isa = PBXFileReference; fileEncoding = 4; lastKnownFileType = sourcecode.c.h; path = InputCollector.h; sourceTree = "<group>"; };
		299A23E01BD95F47002404AA /* InputCollector.m */ = {isa = PBXFileReference; fileEncoding = 4; lastKnownFileType = sourcecode.c.objc; path = InputCollector.m; sourceTree = "<group>"; };
/* End PBXFileReference section */

/* Begin PBXFrameworksBuildPhase section */
		299A23CC1BD95BA8002404AA /* Frameworks */ = {
			isa = PBXFrameworksBuildPhase;
			buildActionMask = 2147483647;
			files = (
			);
			runOnlyForDeploymentPostprocessing = 0;
		};
/* End PBXFrameworksBuildPhase section */

/* Begin PBXGroup section */
		299A23C61BD95BA8002404AA = {
			isa = PBXGroup;
			children = (
				299A23D11BD95BA8002404AA /* PatientDoctor */,
				299A23D01BD95BA8002404AA /* Products */,
			);
			sourceTree = "<group>";
		};
		299A23D01BD95BA8002404AA /* Products */ = {
			isa = PBXGroup;
			children = (
				299A23CF1BD95BA8002404AA /* PatientDoctor */,
			);
			name = Products;
			sourceTree = "<group>";
		};
		299A23D11BD95BA8002404AA /* PatientDoctor */ = {
			isa = PBXGroup;
			children = (
				299A23D21BD95BA8002404AA /* main.m */,
				299A23D91BD95C00002404AA /* Patient.h */,
				299A23DA1BD95C00002404AA /* Patient.m */,
				299A23DC1BD95C08002404AA /* Doctor.h */,
				299A23DD1BD95C08002404AA /* Doctor.m */,
				299A23DF1BD95F47002404AA /* InputCollector.h */,
				299A23E01BD95F47002404AA /* InputCollector.m */,
			);
			path = PatientDoctor;
			sourceTree = "<group>";
		};
/* End PBXGroup section */

/* Begin PBXNativeTarget section */
		299A23CE1BD95BA8002404AA /* PatientDoctor */ = {
			isa = PBXNativeTarget;
			buildConfigurationList = 299A23D61BD95BA8002404AA /* Build configuration list for PBXNativeTarget "PatientDoctor" */;
			buildPhases = (
				299A23CB1BD95BA8002404AA /* Sources */,
				299A23CC1BD95BA8002404AA /* Frameworks */,
				299A23CD1BD95BA8002404AA /* CopyFiles */,
			);
			buildRules = (
			);
			dependencies = (
			);
			name = PatientDoctor;
			productName = PatientDoctor;
			productReference = 299A23CF1BD95BA8002404AA /* PatientDoctor */;
			productType = "com.apple.product-type.tool";
		};
/* End PBXNativeTarget section */

/* Begin PBXProject section */
		299A23C71BD95BA8002404AA /* Project object */ = {
			isa = PBXProject;
			attributes = {
				LastUpgradeCheck = 0700;
				ORGANIZATIONNAME = "Samer Rohani";
				TargetAttributes = {
					299A23CE1BD95BA8002404AA = {
						CreatedOnToolsVersion = 7.0.1;
					};
				};
			};
			buildConfigurationList = 299A23CA1BD95BA8002404AA /* Build configuration list for PBXProject "PatientDoctor" */;
			compatibilityVersion = "Xcode 3.2";
			developmentRegion = English;
			hasScannedForEncodings = 0;
			knownRegions = (
				en,
			);
			mainGroup = 299A23C61BD95BA8002404AA;
			productRefGroup = 299A23D01BD95BA8002404AA /* Products */;
			projectDirPath = "";
			projectRoot = "";
			targets = (
				299A23CE1BD95BA8002404AA /* PatientDoctor */,
			);
		};
/* End PBXProject section */

/* Begin PBXSourcesBuildPhase section */
		299A23CB1BD95BA8002404AA /* Sources */ = {
			isa = PBXSourcesBuildPhase;
			buildActionMask = 2147483647;
			files = (
				299A23D31BD95BA8002404AA /* main.m in Sources */,
				299A23DB1BD95C00002404AA /* Patient.m in Sources */,
				299A23E11BD95F47002404AA /* InputCollector.m in Sources */,
				299A23DE1BD95C08002404AA /* Doctor.m in Sources */,
			);
			runOnlyForDeploymentPostprocessing = 0;
		};
/* End PBXSourcesBuildPhase section */

/* Begin XCBuildConfiguration section */
		299A23D41BD95BA8002404AA /* Debug */ = {
			isa = XCBuildConfiguration;
			buildSettings = {
				ALWAYS_SEARCH_USER_PATHS = NO;
				CLANG_CXX_LANGUAGE_STANDARD = "gnu++0x";
				CLANG_CXX_LIBRARY = "libc++";
				CLANG_ENABLE_MODULES = YES;
				CLANG_ENABLE_OBJC_ARC = YES;
				CLANG_WARN_BOOL_CONVERSION = YES;
				CLANG_WARN_CONSTANT_CONVERSION = YES;
				CLANG_WARN_DIRECT_OBJC_ISA_USAGE = YES_ERROR;
				CLANG_WARN_EMPTY_BODY = YES;
				CLANG_WARN_ENUM_CONVERSION = YES;
				CLANG_WARN_INT_CONVERSION = YES;
				CLANG_WARN_OBJC_ROOT_CLASS = YES_ERROR;
				CLANG_WARN_UNREACHABLE_CODE = YES;
				CLANG_WARN__DUPLICATE_METHOD_MATCH = YES;
				COPY_PHASE_STRIP = NO;
				DEBUG_INFORMATION_FORMAT = dwarf;
				ENABLE_STRICT_OBJC_MSGSEND = YES;
				ENABLE_TESTABILITY = YES;
				GCC_C_LANGUAGE_STANDARD = gnu99;
				GCC_DYNAMIC_NO_PIC = NO;
				GCC_NO_COMMON_BLOCKS = YES;
				GCC_OPTIMIZATION_LEVEL = 0;
				GCC_PREPROCESSOR_DEFINITIONS = (
					"DEBUG=1",
					"$(inherited)",
				);
				GCC_WARN_64_TO_32_BIT_CONVERSION = YES;
				GCC_WARN_ABOUT_RETURN_TYPE = YES_ERROR;
				GCC_WARN_UNDECLARED_SELECTOR = YES;
				GCC_WARN_UNINITIALIZED_AUTOS = YES_AGGRESSIVE;
				GCC_WARN_UNUSED_FUNCTION = YES;
				GCC_WARN_UNUSED_VARIABLE = YES;
				MACOSX_DEPLOYMENT_TARGET = 10.11;
				MTL_ENABLE_DEBUG_INFO = YES;
				ONLY_ACTIVE_ARCH = YES;
				SDKROOT = macosx;
			};
			name = Debug;
		};
		299A23D51BD95BA8002404AA /* Release */ = {
			isa = XCBuildConfiguration;
			buildSettings = {
				ALWAYS_SEARCH_USER_PATHS = NO;
				CLANG_CXX_LANGUAGE_STANDARD = "gnu++0x";
				CLANG_CXX_LIBRARY = "libc++";
				CLANG_ENABLE_MODULES = YES;
				CLANG_ENABLE_OBJC_ARC = YES;
				CLANG_WARN_BOOL_CONVERSION = YES;
				CLANG_WARN_CONSTANT_CONVERSION = YES;
				CLANG_WARN_DIRECT_OBJC_ISA_USAGE = YES_ERROR;
				CLANG_WARN_EMPTY_BODY = YES;
				CLANG_WARN_ENUM_CONVERSION = YES;
				CLANG_WARN_INT_CONVERSION = YES;
				CLANG_WARN_OBJC_ROOT_CLASS = YES_ERROR;
				CLANG_WARN_UNREACHABLE_CODE = YES;
				CLANG_WARN__DUPLICATE_METHOD_MATCH = YES;
				COPY_PHASE_STRIP = NO;
				DEBUG_INFORMATION_FORMAT = "dwarf-with-dsym";
				ENABLE_NS_ASSERTIONS = NO;
				ENABLE_STRICT_OBJC_MSGSEND = YES;
				GCC_C_LANGUAGE_STANDARD = gnu99;
				GCC_NO_COMMON_BLOCKS = YES;
				GCC_WARN_64_TO_32_BIT_CONVERSION = YES;
				GCC_WARN_ABOUT_RETURN_TYPE = YES_ERROR;
				GCC_WARN_UNDECLARED_SELECTOR = YES;
				GCC_WARN_UNINITIALIZED_AUTOS = YES_AGGRESSIVE;
				GCC_WARN_UNUSED_FUNCTION = YES;
				GCC_WARN_UNUSED_VARIABLE = YES;
				MACOSX_DEPLOYMENT_TARGET = 10.11;
				MTL_ENABLE_DEBUG_INFO = NO;
				SDKROOT = macosx;
			};
			name = Release;
		};
		299A23D71BD95BA8002404AA /* Debug */ = {
			isa = XCBuildConfiguration;
			buildSettings = {
				PRODUCT_NAME = "$(TARGET_NAME)";
			};
			name = Debug;
		};
		299A23D81BD95BA8002404AA /* Release */ = {
			isa = XCBuildConfiguration;
			buildSettings = {
				PRODUCT_NAME = "$(TARGET_NAME)";
			};
			name = Release;
		};
/* End XCBuildConfiguration section */

/* Begin XCConfigurationList section */
		299A23CA1BD95BA8002404AA /* Build configuration list for PBXProject "PatientDoctor" */ = {
			isa = XCConfigurationList;
			buildConfigurations = (
				299A23D41BD95BA8002404AA /* Debug */,
				299A23D51BD95BA8002404AA /* Release */,
			);
			defaultConfigurationIsVisible = 0;
			defaultConfigurationName = Release;
		};
		299A23D61BD95BA8002404AA /* Build configuration list for PBXNativeTarget "PatientDoctor" */ = {
			isa = XCConfigurationList;
			buildConfigurations = (
				299A23D71BD95BA8002404AA /* Debug */,
				299A23D81BD95BA8002404AA /* Release */,
			);
			defaultConfigurationIsVisible = 0;
		};
/* End XCConfigurationList section */
	};
	rootObject = 299A23C71BD95BA8002404AA /* Project object */;
}
